
Microsoft Visual Studio Solution File, Format Version 12.00
# Visual Studio Version 16
VisualStudioVersion = 16.0.30621.155
MinimumVisualStudioVersion = 10.0.40219.1
Project("{FAE04EC0-301F-11D3-BF4B-00C04F79EFBC}") = "WindmillClass.Web", "WindmillClass.Web\WindmillClass.Web.csproj", "{43B3E456-8605-4F3A-A1AE-DAAE97091ADB}"
EndProject
Global
	GlobalSection(SolutionConfigurationPlatforms) = preSolution
		Debug|Any CPU = Debug|Any CPU
		Release|Any CPU = Release|Any CPU
	EndGlobalSection
	GlobalSection(ProjectConfigurationPlatforms) = postSolution
		{43B3E456-8605-4F3A-A1AE-DAAE97091ADB}.Debug|Any CPU.ActiveCfg = Debug|Any CPU
		{43B3E456-8605-4F3A-A1AE-DAAE97091ADB}.Debug|Any CPU.Build.0 = Debug|Any CPU
		{43B3E456-8605-4F3A-A1AE-DAAE97091ADB}.Release|Any CPU.ActiveCfg = Release|Any CPU
		{43B3E456-8605-4F3A-A1AE-DAAE97091ADB}.Release|Any CPU.Build.0 = Release|Any CPU
	EndGlobalSection
	GlobalSection(SolutionProperties) = preSolution
		HideSolutionNode = FALSE
	EndGlobalSection
	GlobalSection(ExtensibilityGlobals) = postSolution
		SolutionGuid = {9A0B99AD-8244-498D-9131-1CE3990F466E}
	EndGlobalSection
EndGlobal
